
Microsoft Visual Studio Solution File, Format Version 12.00
# Visual Studio Version 16
VisualStudioVersion = 16.0.33328.57
MinimumVisualStudioVersion = 10.0.40219.1
Project("{FAE04EC0-301F-11D3-BF4B-00C04F79EFBC}") = "LojaABC", "LojaABC\LojaABC.csproj", "{925B9EF7-29C4-43DD-8E5C-DEBD596FC666}"
EndProject
Global
	GlobalSection(SolutionConfigurationPlatforms) = preSolution
		Debug|Any CPU = Debug|Any CPU
		Debug|x64 = Debug|x64
		Release|Any CPU = Release|Any CPU
		Release|x64 = Release|x64
	EndGlobalSection
	GlobalSection(ProjectConfigurationPlatforms) = postSolution
		{925B9EF7-29C4-43DD-8E5C-DEBD596FC666}.Debug|Any CPU.ActiveCfg = Debug|Any CPU
		{925B9EF7-29C4-43DD-8E5C-DEBD596FC666}.Debug|Any CPU.Build.0 = Debug|Any CPU
		{925B9EF7-29C4-43DD-8E5C-DEBD596FC666}.Debug|x64.ActiveCfg = Debug|x64
		{925B9EF7-29C4-43DD-8E5C-DEBD596FC666}.Debug|x64.Build.0 = Debug|x64
		{925B9EF7-29C4-43DD-8E5C-DEBD596FC666}.Release|Any CPU.ActiveCfg = Release|Any CPU
		{925B9EF7-29C4-43DD-8E5C-DEBD596FC666}.Release|Any CPU.Build.0 = Release|Any CPU
		{925B9EF7-29C4-43DD-8E5C-DEBD596FC666}.Release|x64.ActiveCfg = Release|x64
		{925B9EF7-29C4-43DD-8E5C-DEBD596FC666}.Release|x64.Build.0 = Release|x64
	EndGlobalSection
	GlobalSection(SolutionProperties) = preSolution
		HideSolutionNode = FALSE
	EndGlobalSection
	GlobalSection(ExtensibilityGlobals) = postSolution
		SolutionGuid = {0F7C5F0C-714A-41A6-91BA-72371C46F08F}
	EndGlobalSection
EndGlobal
